
Microsoft Visual Studio Solution File, Format Version 12.00
# Visual Studio 15
VisualStudioVersion = 15.0.26730.8
MinimumVisualStudioVersion = 10.0.40219.1
Project("{FAE04EC0-301F-11D3-BF4B-00C04F79EFBC}") = "XUnitTestApp", "XUnitTestApp\XUnitTestApp.csproj", "{8129D83B-C5E1-4D1D-B5D2-9EC2751908AA}"
EndProject
Project("{FAE04EC0-301F-11D3-BF4B-00C04F79EFBC}") = "XUnitTestSuite", "XUnitTestProject1\XUnitTestSuite.csproj", "{F89CAA1E-0494-4FC7-9471-3FC355E623AE}"
EndProject
Global
	GlobalSection(SolutionConfigurationPlatforms) = preSolution
		Debug|Any CPU = Debug|Any CPU
		Release|Any CPU = Release|Any CPU
	EndGlobalSection
	GlobalSection(ProjectConfigurationPlatforms) = postSolution
		{8129D83B-C5E1-4D1D-B5D2-9EC2751908AA}.Debug|Any CPU.ActiveCfg = Debug|Any CPU
		{8129D83B-C5E1-4D1D-B5D2-9EC2751908AA}.Debug|Any CPU.Build.0 = Debug|Any CPU
		{8129D83B-C5E1-4D1D-B5D2-9EC2751908AA}.Release|Any CPU.ActiveCfg = Release|Any CPU
		{8129D83B-C5E1-4D1D-B5D2-9EC2751908AA}.Release|Any CPU.Build.0 = Release|Any CPU
		{F89CAA1E-0494-4FC7-9471-3FC355E623AE}.Debug|Any CPU.ActiveCfg = Debug|Any CPU
		{F89CAA1E-0494-4FC7-9471-3FC355E623AE}.Debug|Any CPU.Build.0 = Debug|Any CPU
		{F89CAA1E-0494-4FC7-9471-3FC355E623AE}.Release|Any CPU.ActiveCfg = Release|Any CPU
		{F89CAA1E-0494-4FC7-9471-3FC355E623AE}.Release|Any CPU.Build.0 = Release|Any CPU
	EndGlobalSection
	GlobalSection(SolutionProperties) = preSolution
		HideSolutionNode = FALSE
	EndGlobalSection
	GlobalSection(ExtensibilityGlobals) = postSolution
		SolutionGuid = {20208820-0873-4B27-A59E-77666C1862AA}
	EndGlobalSection
EndGlobal
